
Microsoft Visual Studio Solution File, Format Version 12.00
# Visual Studio Version 16
VisualStudioVersion = 16.0.30626.31
MinimumVisualStudioVersion = 10.0.40219.1
Project("{9A19103F-16F7-4668-BE54-9A1E7A4F7556}") = "Kort", "Kort\Kort.csproj", "{65B5BFCE-AC77-445A-B972-83EFBBB86E73}"
EndProject
Project("{9A19103F-16F7-4668-BE54-9A1E7A4F7556}") = "DataLibrary", "DataLibrary\DataLibrary.csproj", "{58F3C9B1-23E0-448F-92C5-13C5B6FA3788}"
EndProject
Global
	GlobalSection(SolutionConfigurationPlatforms) = preSolution
		Debug|Any CPU = Debug|Any CPU
		Release|Any CPU = Release|Any CPU
	EndGlobalSection
	GlobalSection(ProjectConfigurationPlatforms) = postSolution
		{65B5BFCE-AC77-445A-B972-83EFBBB86E73}.Debug|Any CPU.ActiveCfg = Debug|Any CPU
		{65B5BFCE-AC77-445A-B972-83EFBBB86E73}.Debug|Any CPU.Build.0 = Debug|Any CPU
		{65B5BFCE-AC77-445A-B972-83EFBBB86E73}.Release|Any CPU.ActiveCfg = Release|Any CPU
		{65B5BFCE-AC77-445A-B972-83EFBBB86E73}.Release|Any CPU.Build.0 = Release|Any CPU
		{58F3C9B1-23E0-448F-92C5-13C5B6FA3788}.Debug|Any CPU.ActiveCfg = Debug|Any CPU
		{58F3C9B1-23E0-448F-92C5-13C5B6FA3788}.Debug|Any CPU.Build.0 = Debug|Any CPU
		{58F3C9B1-23E0-448F-92C5-13C5B6FA3788}.Release|Any CPU.ActiveCfg = Release|Any CPU
		{58F3C9B1-23E0-448F-92C5-13C5B6FA3788}.Release|Any CPU.Build.0 = Release|Any CPU
	EndGlobalSection
	GlobalSection(SolutionProperties) = preSolution
		HideSolutionNode = FALSE
	EndGlobalSection
	GlobalSection(ExtensibilityGlobals) = postSolution
		SolutionGuid = {76FE91AE-B406-4435-9DBF-5640AE46D253}
	EndGlobalSection
EndGlobal
